// !$*UTF8*$!
{
	archiveVersion = 1;
	classes = {
	};
	objectVersion = 46;
	objects = {

/* Begin PBXBuildFile section */
		8AC1C56B1514E06300189DC1 /* UIKit.framework in Frameworks */ = {isa = PBXBuildFile; fileRef = 8AC1C56A1514E06300189DC1 /* UIKit.framework */; };
		8AC1C56D1514E06300189DC1 /* Foundation.framework in Frameworks */ = {isa = PBXBuildFile; fileRef = 8AC1C56C1514E06300189DC1 /* Foundation.framework */; };
		8AC1C56F1514E06300189DC1 /* CoreGraphics.framework in Frameworks */ = {isa = PBXBuildFile; fileRef = 8AC1C56E1514E06300189DC1 /* CoreGraphics.framework */; };
		8AC1C5751514E06300189DC1 /* InfoPlist.strings in Resources */ = {isa = PBXBuildFile; fileRef = 8AC1C5731514E06300189DC1 /* InfoPlist.strings */; };
		8AC1C5771514E06300189DC1 /* main.m in Sources */ = {isa = PBXBuildFile; fileRef = 8AC1C5761514E06300189DC1 /* main.m */; };
		8AC1C57B1514E06300189DC1 /* AppDelegate.m in Sources */ = {isa = PBXBuildFile; fileRef = 8AC1C57A1514E06300189DC1 /* AppDelegate.m */; };
		8AC1C57E1514E06300189DC1 /* ViewController.m in Sources */ = {isa = PBXBuildFile; fileRef = 8AC1C57D1514E06300189DC1 /* ViewController.m */; };
		8AC1C5811514E06300189DC1 /* ViewController_iPhone.xib in Resources */ = {isa = PBXBuildFile; fileRef = 8AC1C57F1514E06300189DC1 /* ViewController_iPhone.xib */; };
		8AC1C5841514E06300189DC1 /* ViewController_iPad.xib in Resources */ = {isa = PBXBuildFile; fileRef = 8AC1C5821514E06300189DC1 /* ViewController_iPad.xib */; };
/* End PBXBuildFile section */

/* Begin PBXFileReference section */
		8AC1C5661514E06300189DC1 /* SlideUnder.app */ = {isa = PBXFileReference; explicitFileType = wrapper.application; includeInIndex = 0; path = SlideUnder.app; sourceTree = BUILT_PRODUCTS_DIR; };
		8AC1C56A1514E06300189DC1 /* UIKit.framework */ = {isa = PBXFileReference; lastKnownFileType = wrapper.framework; name = UIKit.framework; path = System/Library/Frameworks/UIKit.framework; sourceTree = SDKROOT; };
		8AC1C56C1514E06300189DC1 /* Foundation.framework */ = {isa = PBXFileReference; lastKnownFileType = wrapper.framework; name = Foundation.framework; path = System/Library/Frameworks/Foundation.framework; sourceTree = SDKROOT; };
		8AC1C56E1514E06300189DC1 /* CoreGraphics.framework */ = {isa = PBXFileReference; lastKnownFileType = wrapper.framework; name = CoreGraphics.framework; path = System/Library/Frameworks/CoreGraphics.framework; sourceTree = SDKROOT; };
		8AC1C5721514E06300189DC1 /* SlideUnder-Info.plist */ = {isa = PBXFileReference; path = "SlideUnder-Info.plist"; sourceTree = "<group>"; };
		8AC1C5741514E06300189DC1 /* en */ = {isa = PBXFileReference; lastKnownFileType = text.plist.strings; name = en; path = en.lproj/InfoPlist.strings; sourceTree = "<group>"; };
		8AC1C5761514E06300189DC1 /* main.m */ = {isa = PBXFileReference; lastKnownFileType = sourcecode.c.objc; path = main.m; sourceTree = "<group>"; };
		8AC1C5781514E06300189DC1 /* SlideUnder-Prefix.pch */ = {isa = PBXFileReference; path = "SlideUnder-Prefix.pch"; sourceTree = "<group>"; };
		8AC1C5791514E06300189DC1 /* AppDelegate.h */ = {isa = PBXFileReference; path = AppDelegate.h; sourceTree = "<group>"; };
		8AC1C57A1514E06300189DC1 /* AppDelegate.m */ = {isa = PBXFileReference; lastKnownFileType = sourcecode.c.objc; path = AppDelegate.m; sourceTree = "<group>"; };
		8AC1C57C1514E06300189DC1 /* ViewController.h */ = {isa = PBXFileReference; path = ViewController.h; sourceTree = "<group>"; };
		8AC1C57D1514E06300189DC1 /* ViewController.m */ = {isa = PBXFileReference; lastKnownFileType = sourcecode.c.objc; path = ViewController.m; sourceTree = "<group>"; };
		8AC1C5801514E06300189DC1 /* en */ = {isa = PBXFileReference; lastKnownFileType = file.xib; name = en; path = en.lproj/ViewController_iPhone.xib; sourceTree = "<group>"; };
		8AC1C5831514E06300189DC1 /* en */ = {isa = PBXFileReference; lastKnownFileType = file.xib; name = en; path = en.lproj/ViewController_iPad.xib; sourceTree = "<group>"; };
/* End PBXFileReference section */

/* Begin PBXFrameworksBuildPhase section */
		8AC1C5631514E06300189DC1 /* Frameworks */ = {
			isa = PBXFrameworksBuildPhase;
			buildActionMask = 2147483647;
			files = (
				8AC1C56B1514E06300189DC1 /* UIKit.framework in Frameworks */,
				8AC1C56D1514E06300189DC1 /* Foundation.framework in Frameworks */,
				8AC1C56F1514E06300189DC1 /* CoreGraphics.framework in Frameworks */,
			);
			runOnlyForDeploymentPostprocessing = 0;
		};
/* End PBXFrameworksBuildPhase section */

/* Begin PBXGroup section */
		8AC1C55B1514E06300189DC1 = {
			isa = PBXGroup;
			children = (
				8AC1C5701514E06300189DC1 /* SlideUnder */,
				8AC1C5691514E06300189DC1 /* Frameworks */,
				8AC1C5671514E06300189DC1 /* Products */,
			);
			sourceTree = "<group>";
		};
		8AC1C5671514E06300189DC1 /* Products */ = {
			isa = PBXGroup;
			children = (
				8AC1C5661514E06300189DC1 /* SlideUnder.app */,
			);
			name = Products;
			sourceTree = "<group>";
		};
		8AC1C5691514E06300189DC1 /* Frameworks */ = {
			isa = PBXGroup;
			children = (
				8AC1C56A1514E06300189DC1 /* UIKit.framework */,
				8AC1C56C1514E06300189DC1 /* Foundation.framework */,
				8AC1C56E1514E06300189DC1 /* CoreGraphics.framework */,
			);
			name = Frameworks;
			sourceTree = "<group>";
		};
		8AC1C5701514E06300189DC1 /* SlideUnder */ = {
			isa = PBXGroup;
			children = (
				8AC1C5791514E06300189DC1 /* AppDelegate.h */,
				8AC1C57A1514E06300189DC1 /* AppDelegate.m */,
				8AC1C57C1514E06300189DC1 /* ViewController.h */,
				8AC1C57D1514E06300189DC1 /* ViewController.m */,
				8AC1C57F1514E06300189DC1 /* ViewController_iPhone.xib */,
				8AC1C5821514E06300189DC1 /* ViewController_iPad.xib */,
				8AC1C5711514E06300189DC1 /* Supporting Files */,
			);
			path = SlideUnder;
			sourceTree = "<group>";
		};
		8AC1C5711514E06300189DC1 /* Supporting Files */ = {
			isa = PBXGroup;
			children = (
				8AC1C5721514E06300189DC1 /* SlideUnder-Info.plist */,
				8AC1C5731514E06300189DC1 /* InfoPlist.strings */,
				8AC1C5761514E06300189DC1 /* main.m */,
				8AC1C5781514E06300189DC1 /* SlideUnder-Prefix.pch */,
			);
			name = "Supporting Files";
			sourceTree = "<group>";
		};
/* End PBXGroup section */

/* Begin PBXNativeTarget section */
		8AC1C5651514E06300189DC1 /* SlideUnder */ = {
			isa = PBXNativeTarget;
			buildConfigurationList = 8AC1C5871514E06300189DC1 /* Build configuration list for PBXNativeTarget "SlideUnder" */;
			buildPhases = (
				8AC1C5621514E06300189DC1 /* Sources */,
				8AC1C5631514E06300189DC1 /* Frameworks */,
				8AC1C5641514E06300189DC1 /* Resources */,
			);
			buildRules = (
			);
			dependencies = (
			);
			name = SlideUnder;
			productName = SlideUnder;
			productReference = 8AC1C5661514E06300189DC1 /* SlideUnder.app */;
			productType = "com.apple.product-type.application";
		};
/* End PBXNativeTarget section */

/* Begin PBXProject section */
		8AC1C55D1514E06300189DC1 /* Project object */ = {
			isa = PBXProject;
			attributes = {
				LastUpgradeCheck = 0420;
				ORGANIZATIONNAME = ChalmersTH;
			};
			buildConfigurationList = 8AC1C5601514E06300189DC1 /* Build configuration list for PBXProject "SlideUnder" */;
			compatibilityVersion = "Xcode 3.2";
			developmentRegion = English;
			hasScannedForEncodings = 0;
			knownRegions = (
				en,
			);
			mainGroup = 8AC1C55B1514E06300189DC1;
			productRefGroup = 8AC1C5671514E06300189DC1 /* Products */;
			projectDirPath = "";
			projectRoot = "";
			targets = (
				8AC1C5651514E06300189DC1 /* SlideUnder */,
			);
		};
/* End PBXProject section */

/* Begin PBXResourcesBuildPhase section */
		8AC1C5641514E06300189DC1 /* Resources */ = {
			isa = PBXResourcesBuildPhase;
			buildActionMask = 2147483647;
			files = (
				8AC1C5751514E06300189DC1 /* InfoPlist.strings in Resources */,
				8AC1C5811514E06300189DC1 /* ViewController_iPhone.xib in Resources */,
				8AC1C5841514E06300189DC1 /* ViewController_iPad.xib in Resources */,
			);
			runOnlyForDeploymentPostprocessing = 0;
		};
/* End PBXResourcesBuildPhase section */

/* Begin PBXSourcesBuildPhase section */
		8AC1C5621514E06300189DC1 /* Sources */ = {
			isa = PBXSourcesBuildPhase;
			buildActionMask = 2147483647;
			files = (
				8AC1C5771514E06300189DC1 /* main.m in Sources */,
				8AC1C57B1514E06300189DC1 /* AppDelegate.m in Sources */,
				8AC1C57E1514E06300189DC1 /* ViewController.m in Sources */,
			);
			runOnlyForDeploymentPostprocessing = 0;
		};
/* End PBXSourcesBuildPhase section */

/* Begin PBXVariantGroup section */
		8AC1C5731514E06300189DC1 /* InfoPlist.strings */ = {
			isa = PBXVariantGroup;
			children = (
				8AC1C5741514E06300189DC1 /* en */,
			);
			name = InfoPlist.strings;
			sourceTree = "<group>";
		};
		8AC1C57F1514E06300189DC1 /* ViewController_iPhone.xib */ = {
			isa = PBXVariantGroup;
			children = (
				8AC1C5801514E06300189DC1 /* en */,
			);
			name = ViewController_iPhone.xib;
			sourceTree = "<group>";
		};
		8AC1C5821514E06300189DC1 /* ViewController_iPad.xib */ = {
			isa = PBXVariantGroup;
			children = (
				8AC1C5831514E06300189DC1 /* en */,
			);
			name = ViewController_iPad.xib;
			sourceTree = "<group>";
		};
/* End PBXVariantGroup section */

/* Begin XCBuildConfiguration section */
		8AC1C5851514E06300189DC1 /* Debug */ = {
			isa = XCBuildConfiguration;
			buildSettings = {
				ALWAYS_SEARCH_USER_PATHS = NO;
				ARCHS = "$(ARCHS_STANDARD_32_BIT)";
				CLANG_ENABLE_OBJC_ARC = YES;
				"CODE_SIGN_IDENTITY[sdk=iphoneos*]" = "iPhone Developer";
				COPY_PHASE_STRIP = NO;
				GCC_C_LANGUAGE_STANDARD = gnu99;
				GCC_DYNAMIC_NO_PIC = NO;
				GCC_OPTIMIZATION_LEVEL = 0;
				GCC_PREPROCESSOR_DEFINITIONS = (
					"DEBUG=1",
					"$(inherited)",
				);
				GCC_SYMBOLS_PRIVATE_EXTERN = NO;
				GCC_VERSION = com.apple.compilers.llvm.clang.1_0;
				GCC_WARN_ABOUT_MISSING_PROTOTYPES = YES;
				GCC_WARN_ABOUT_RETURN_TYPE = YES;
				GCC_WARN_UNUSED_VARIABLE = YES;
				IPHONEOS_DEPLOYMENT_TARGET = 5.0;
				SDKROOT = iphoneos;
				TARGETED_DEVICE_FAMILY = "1,2";
			};
			name = Debug;
		};
		8AC1C5861514E06300189DC1 /* Release */ = {
			isa = XCBuildConfiguration;
			buildSettings = {
				ALWAYS_SEARCH_USER_PATHS = NO;
				ARCHS = "$(ARCHS_STANDARD_32_BIT)";
				CLANG_ENABLE_OBJC_ARC = YES;
				"CODE_SIGN_IDENTITY[sdk=iphoneos*]" = "iPhone Developer";
				COPY_PHASE_STRIP = YES;
				GCC_C_LANGUAGE_STANDARD = gnu99;
				GCC_VERSION = com.apple.compilers.llvm.clang.1_0;
				GCC_WARN_ABOUT_MISSING_PROTOTYPES = YES;
				GCC_WARN_ABOUT_RETURN_TYPE = YES;
				GCC_WARN_UNUSED_VARIABLE = YES;
				IPHONEOS_DEPLOYMENT_TARGET = 5.0;
				OTHER_CFLAGS = "-DNS_BLOCK_ASSERTIONS=1";
				SDKROOT = iphoneos;
				TARGETED_DEVICE_FAMILY = "1,2";
				VALIDATE_PRODUCT = YES;
			};
			name = Release;
		};
		8AC1C5881514E06300189DC1 /* Debug */ = {
			isa = XCBuildConfiguration;
			buildSettings = {
				GCC_PRECOMPILE_PREFIX_HEADER = YES;
				GCC_PREFIX_HEADER = "SlideUnder/SlideUnder-Prefix.pch";
				INFOPLIST_FILE = "SlideUnder/SlideUnder-Info.plist";
				PRODUCT_NAME = "$(TARGET_NAME)";
				WRAPPER_EXTENSION = app;
			};
			name = Debug;
		};
		8AC1C5891514E06300189DC1 /* Release */ = {
			isa = XCBuildConfiguration;
			buildSettings = {
				GCC_PRECOMPILE_PREFIX_HEADER = YES;
				GCC_PREFIX_HEADER = "SlideUnder/SlideUnder-Prefix.pch";
				INFOPLIST_FILE = "SlideUnder/SlideUnder-Info.plist";
				PRODUCT_NAME = "$(TARGET_NAME)";
				WRAPPER_EXTENSION = app;
			};
			name = Release;
		};
/* End XCBuildConfiguration section */

/* Begin XCConfigurationList section */
		8AC1C5601514E06300189DC1 /* Build configuration list for PBXProject "SlideUnder" */ = {
			isa = XCConfigurationList;
			buildConfigurations = (
				8AC1C5851514E06300189DC1 /* Debug */,
				8AC1C5861514E06300189DC1 /* Release */,
			);
			defaultConfigurationIsVisible = 0;
			defaultConfigurationName = Release;
		};
		8AC1C5871514E06300189DC1 /* Build configuration list for PBXNativeTarget "SlideUnder" */ = {
			isa = XCConfigurationList;
			buildConfigurations = (
				8AC1C5881514E06300189DC1 /* Debug */,
				8AC1C5891514E06300189DC1 /* Release */,
			);
			defaultConfigurationIsVisible = 0;
		};
/* End XCConfigurationList section */
	};
	rootObject = 8AC1C55D1514E06300189DC1 /* Project object */;
}
